// !$*UTF8*$!
{
	archiveVersion = 1;
	classes = {
	};
	objectVersion = 46;
	objects = {

/* Begin PBXBuildFile section */
		454A5A201D50EA1E003E9F1C /* AppDelegate.swift in Sources */ = {isa = PBXBuildFile; fileRef = 454A5A1F1D50EA1E003E9F1C /* AppDelegate.swift */; };
		454A5A271D50EA1E003E9F1C /* Assets.xcassets in Resources */ = {isa = PBXBuildFile; fileRef = 454A5A261D50EA1E003E9F1C /* Assets.xcassets */; };
		454A5A2A1D50EA1E003E9F1C /* LaunchScreen.storyboard in Resources */ = {isa = PBXBuildFile; fileRef = 454A5A281D50EA1E003E9F1C /* LaunchScreen.storyboard */; };
		454A5A351D50EA1F003E9F1C /* QRcode_SwiftTests.swift in Sources */ = {isa = PBXBuildFile; fileRef = 454A5A341D50EA1F003E9F1C /* QRcode_SwiftTests.swift */; };
		454A5A401D50EA1F003E9F1C /* QRcode_SwiftUITests.swift in Sources */ = {isa = PBXBuildFile; fileRef = 454A5A3F1D50EA1F003E9F1C /* QRcode_SwiftUITests.swift */; };
		454A5A4E1D50EAF7003E9F1C /* QRViewController.swift in Sources */ = {isa = PBXBuildFile; fileRef = 454A5A4D1D50EAF7003E9F1C /* QRViewController.swift */; };
/* End PBXBuildFile section */

/* Begin PBXContainerItemProxy section */
		454A5A311D50EA1F003E9F1C /* PBXContainerItemProxy */ = {
			isa = PBXContainerItemProxy;
			containerPortal = 454A5A141D50EA1E003E9F1C /* Project object */;
			proxyType = 1;
			remoteGlobalIDString = 454A5A1B1D50EA1E003E9F1C;
			remoteInfo = "QRcode-Swift";
		};
		454A5A3C1D50EA1F003E9F1C /* PBXContainerItemProxy */ = {
			isa = PBXContainerItemProxy;
			containerPortal = 454A5A141D50EA1E003E9F1C /* Project object */;
			proxyType = 1;
			remoteGlobalIDString = 454A5A1B1D50EA1E003E9F1C;
			remoteInfo = "QRcode-Swift";
		};
/* End PBXContainerItemProxy section */

/* Begin PBXFileReference section */
		454A5A1C1D50EA1E003E9F1C /* QRcode-Swift.app */ = {isa = PBXFileReference; explicitFileType = wrapper.application; includeInIndex = 0; path = "QRcode-Swift.app"; sourceTree = BUILT_PRODUCTS_DIR; };
		454A5A1F1D50EA1E003E9F1C /* AppDelegate.swift */ = {isa = PBXFileReference; lastKnownFileType = sourcecode.swift; path = AppDelegate.swift; sourceTree = "<group>"; };
		454A5A261D50EA1E003E9F1C /* Assets.xcassets */ = {isa = PBXFileReference; lastKnownFileType = folder.assetcatalog; path = Assets.xcassets; sourceTree = "<group>"; };
		454A5A291D50EA1E003E9F1C /* Base */ = {isa = PBXFileReference; lastKnownFileType = file.storyboard; name = Base; path = Base.lproj/LaunchScreen.storyboard; sourceTree = "<group>"; };
		454A5A2B1D50EA1E003E9F1C /* Info.plist */ = {isa = PBXFileReference; lastKnownFileType = text.plist.xml; path = Info.plist; sourceTree = "<group>"; };
		454A5A301D50EA1F003E9F1C /* QRcode-SwiftTests.xctest */ = {isa = PBXFileReference; explicitFileType = wrapper.cfbundle; includeInIndex = 0; path = "QRcode-SwiftTests.xctest"; sourceTree = BUILT_PRODUCTS_DIR; };
		454A5A341D50EA1F003E9F1C /* QRcode_SwiftTests.swift */ = {isa = PBXFileReference; lastKnownFileType = sourcecode.swift; path = QRcode_SwiftTests.swift; sourceTree = "<group>"; };
		454A5A361D50EA1F003E9F1C /* Info.plist */ = {isa = PBXFileReference; lastKnownFileType = text.plist.xml; path = Info.plist; sourceTree = "<group>"; };
		454A5A3B1D50EA1F003E9F1C /* QRcode-SwiftUITests.xctest */ = {isa = PBXFileReference; explicitFileType = wrapper.cfbundle; includeInIndex = 0; path = "QRcode-SwiftUITests.xctest"; sourceTree = BUILT_PRODUCTS_DIR; };
		454A5A3F1D50EA1F003E9F1C /* QRcode_SwiftUITests.swift */ = {isa = PBXFileReference; lastKnownFileType = sourcecode.swift; path = QRcode_SwiftUITests.swift; sourceTree = "<group>"; };
		454A5A411D50EA1F003E9F1C /* Info.plist */ = {isa = PBXFileReference; lastKnownFileType = text.plist.xml; path = Info.plist; sourceTree = "<group>"; };
		454A5A4D1D50EAF7003E9F1C /* QRViewController.swift */ = {isa = PBXFileReference; fileEncoding = 4; lastKnownFileType = sourcecode.swift; path = QRViewController.swift; sourceTree = "<group>"; };
/* End PBXFileReference section */

/* Begin PBXFrameworksBuildPhase section */
		454A5A191D50EA1E003E9F1C /* Frameworks */ = {
			isa = PBXFrameworksBuildPhase;
			buildActionMask = 2147483647;
			files = (
			);
			runOnlyForDeploymentPostprocessing = 0;
		};
		454A5A2D1D50EA1F003E9F1C /* Frameworks */ = {
			isa = PBXFrameworksBuildPhase;
			buildActionMask = 2147483647;
			files = (
			);
			runOnlyForDeploymentPostprocessing = 0;
		};
		454A5A381D50EA1F003E9F1C /* Frameworks */ = {
			isa = PBXFrameworksBuildPhase;
			buildActionMask = 2147483647;
			files = (
			);
			runOnlyForDeploymentPostprocessing = 0;
		};
/* End PBXFrameworksBuildPhase section */

/* Begin PBXGroup section */
		454A5A131D50EA1E003E9F1C = {
			isa = PBXGroup;
			children = (
				454A5A1E1D50EA1E003E9F1C /* QRcode-Swift */,
				454A5A331D50EA1F003E9F1C /* QRcode-SwiftTests */,
				454A5A3E1D50EA1F003E9F1C /* QRcode-SwiftUITests */,
				454A5A1D1D50EA1E003E9F1C /* Products */,
			);
			sourceTree = "<group>";
		};
		454A5A1D1D50EA1E003E9F1C /* Products */ = {
			isa = PBXGroup;
			children = (
				454A5A1C1D50EA1E003E9F1C /* QRcode-Swift.app */,
				454A5A301D50EA1F003E9F1C /* QRcode-SwiftTests.xctest */,
				454A5A3B1D50EA1F003E9F1C /* QRcode-SwiftUITests.xctest */,
			);
			name = Products;
			sourceTree = "<group>";
		};
		454A5A1E1D50EA1E003E9F1C /* QRcode-Swift */ = {
			isa = PBXGroup;
			children = (
				454A5A1F1D50EA1E003E9F1C /* AppDelegate.swift */,
				454A5A4D1D50EAF7003E9F1C /* QRViewController.swift */,
				454A5A261D50EA1E003E9F1C /* Assets.xcassets */,
				454A5A281D50EA1E003E9F1C /* LaunchScreen.storyboard */,
				454A5A2B1D50EA1E003E9F1C /* Info.plist */,
			);
			path = "QRcode-Swift";
			sourceTree = "<group>";
		};
		454A5A331D50EA1F003E9F1C /* QRcode-SwiftTests */ = {
			isa = PBXGroup;
			children = (
				454A5A341D50EA1F003E9F1C /* QRcode_SwiftTests.swift */,
				454A5A361D50EA1F003E9F1C /* Info.plist */,
			);
			path = "QRcode-SwiftTests";
			sourceTree = "<group>";
		};
		454A5A3E1D50EA1F003E9F1C /* QRcode-SwiftUITests */ = {
			isa = PBXGroup;
			children = (
				454A5A3F1D50EA1F003E9F1C /* QRcode_SwiftUITests.swift */,
				454A5A411D50EA1F003E9F1C /* Info.plist */,
			);
			path = "QRcode-SwiftUITests";
			sourceTree = "<group>";
		};
/* End PBXGroup section */

/* Begin PBXNativeTarget section */
		454A5A1B1D50EA1E003E9F1C /* QRcode-Swift */ = {
			isa = PBXNativeTarget;
			buildConfigurationList = 454A5A441D50EA1F003E9F1C /* Build configuration list for PBXNativeTarget "QRcode-Swift" */;
			buildPhases = (
				454A5A181D50EA1E003E9F1C /* Sources */,
				454A5A191D50EA1E003E9F1C /* Frameworks */,
				454A5A1A1D50EA1E003E9F1C /* Resources */,
			);
			buildRules = (
			);
			dependencies = (
			);
			name = "QRcode-Swift";
			productName = "QRcode-Swift";
			productReference = 454A5A1C1D50EA1E003E9F1C /* QRcode-Swift.app */;
			productType = "com.apple.product-type.application";
		};
		454A5A2F1D50EA1F003E9F1C /* QRcode-SwiftTests */ = {
			isa = PBXNativeTarget;
			buildConfigurationList = 454A5A471D50EA1F003E9F1C /* Build configuration list for PBXNativeTarget "QRcode-SwiftTests" */;
			buildPhases = (
				454A5A2C1D50EA1F003E9F1C /* Sources */,
				454A5A2D1D50EA1F003E9F1C /* Frameworks */,
				454A5A2E1D50EA1F003E9F1C /* Resources */,
			);
			buildRules = (
			);
			dependencies = (
				454A5A321D50EA1F003E9F1C /* PBXTargetDependency */,
			);
			name = "QRcode-SwiftTests";
			productName = "QRcode-SwiftTests";
			productReference = 454A5A301D50EA1F003E9F1C /* QRcode-SwiftTests.xctest */;
			productType = "com.apple.product-type.bundle.unit-test";
		};
		454A5A3A1D50EA1F003E9F1C /* QRcode-SwiftUITests */ = {
			isa = PBXNativeTarget;
			buildConfigurationList = 454A5A4A1D50EA1F003E9F1C /* Build configuration list for PBXNativeTarget "QRcode-SwiftUITests" */;
			buildPhases = (
				454A5A371D50EA1F003E9F1C /* Sources */,
				454A5A381D50EA1F003E9F1C /* Frameworks */,
				454A5A391D50EA1F003E9F1C /* Resources */,
			);
			buildRules = (
			);
			dependencies = (
				454A5A3D1D50EA1F003E9F1C /* PBXTargetDependency */,
			);
			name = "QRcode-SwiftUITests";
			productName = "QRcode-SwiftUITests";
			productReference = 454A5A3B1D50EA1F003E9F1C /* QRcode-SwiftUITests.xctest */;
			productType = "com.apple.product-type.bundle.ui-testing";
		};
/* End PBXNativeTarget section */

/* Begin PBXProject section */
		454A5A141D50EA1E003E9F1C /* Project object */ = {
			isa = PBXProject;
			attributes = {
				LastSwiftUpdateCheck = 0730;
				LastUpgradeCheck = 0730;
				ORGANIZATIONNAME = "张建宇";
				TargetAttributes = {
					454A5A1B1D50EA1E003E9F1C = {
						CreatedOnToolsVersion = 7.3.1;
						DevelopmentTeam = U8U5954S52;
					};
					454A5A2F1D50EA1F003E9F1C = {
						CreatedOnToolsVersion = 7.3.1;
						TestTargetID = 454A5A1B1D50EA1E003E9F1C;
					};
					454A5A3A1D50EA1F003E9F1C = {
						CreatedOnToolsVersion = 7.3.1;
						TestTargetID = 454A5A1B1D50EA1E003E9F1C;
					};
				};
			};
			buildConfigurationList = 454A5A171D50EA1E003E9F1C /* Build configuration list for PBXProject "QRcode-Swift" */;
			compatibilityVersion = "Xcode 3.2";
			developmentRegion = English;
			hasScannedForEncodings = 0;
			knownRegions = (
				en,
				Base,
			);
			mainGroup = 454A5A131D50EA1E003E9F1C;
			productRefGroup = 454A5A1D1D50EA1E003E9F1C /* Products */;
			projectDirPath = "";
			projectRoot = "";
			targets = (
				454A5A1B1D50EA1E003E9F1C /* QRcode-Swift */,
				454A5A2F1D50EA1F003E9F1C /* QRcode-SwiftTests */,
				454A5A3A1D50EA1F003E9F1C /* QRcode-SwiftUITests */,
			);
		};
/* End PBXProject section */

/* Begin PBXResourcesBuildPhase section */
		454A5A1A1D50EA1E003E9F1C /* Resources */ = {
			isa = PBXResourcesBuildPhase;
			buildActionMask = 2147483647;
			files = (
				454A5A2A1D50EA1E003E9F1C /* LaunchScreen.storyboard in Resources */,
				454A5A271D50EA1E003E9F1C /* Assets.xcassets in Resources */,
			);
			runOnlyForDeploymentPostprocessing = 0;
		};
		454A5A2E1D50EA1F003E9F1C /* Resources */ = {
			isa = PBXResourcesBuildPhase;
			buildActionMask = 2147483647;
			files = (
			);
			runOnlyForDeploymentPostprocessing = 0;
		};
		454A5A391D50EA1F003E9F1C /* Resources */ = {
			isa = PBXResourcesBuildPhase;
			buildActionMask = 2147483647;
			files = (
			);
			runOnlyForDeploymentPostprocessing = 0;
		};
/* End PBXResourcesBuildPhase section */

/* Begin PBXSourcesBuildPhase section */
		454A5A181D50EA1E003E9F1C /* Sources */ = {
			isa = PBXSourcesBuildPhase;
			buildActionMask = 2147483647;
			files = (
				454A5A201D50EA1E003E9F1C /* AppDelegate.swift in Sources */,
				454A5A4E1D50EAF7003E9F1C /* QRViewController.swift in Sources */,
			);
			runOnlyForDeploymentPostprocessing = 0;
		};
		454A5A2C1D50EA1F003E9F1C /* Sources */ = {
			isa = PBXSourcesBuildPhase;
			buildActionMask = 2147483647;
			files = (
				454A5A351D50EA1F003E9F1C /* QRcode_SwiftTests.swift in Sources */,
			);
			runOnlyForDeploymentPostprocessing = 0;
		};
		454A5A371D50EA1F003E9F1C /* Sources */ = {
			isa = PBXSourcesBuildPhase;
			buildActionMask = 2147483647;
			files = (
				454A5A401D50EA1F003E9F1C /* QRcode_SwiftUITests.swift in Sources */,
			);
			runOnlyForDeploymentPostprocessing = 0;
		};
/* End PBXSourcesBuildPhase section */

/* Begin PBXTargetDependency section */
		454A5A321D50EA1F003E9F1C /* PBXTargetDependency */ = {
			isa = PBXTargetDependency;
			target = 454A5A1B1D50EA1E003E9F1C /* QRcode-Swift */;
			targetProxy = 454A5A311D50EA1F003E9F1C /* PBXContainerItemProxy */;
		};
		454A5A3D1D50EA1F003E9F1C /* PBXTargetDependency */ = {
			isa = PBXTargetDependency;
			target = 454A5A1B1D50EA1E003E9F1C /* QRcode-Swift */;
			targetProxy = 454A5A3C1D50EA1F003E9F1C /* PBXContainerItemProxy */;
		};
/* End PBXTargetDependency section */

/* Begin PBXVariantGroup section */
		454A5A281D50EA1E003E9F1C /* LaunchScreen.storyboard */ = {
			isa = PBXVariantGroup;
			children = (
				454A5A291D50EA1E003E9F1C /* Base */,
			);
			name = LaunchScreen.storyboard;
			sourceTree = "<group>";
		};
/* End PBXVariantGroup section */

/* Begin XCBuildConfiguration section */
		454A5A421D50EA1F003E9F1C /* Debug */ = {
			isa = XCBuildConfiguration;
			buildSettings = {
				ALWAYS_SEARCH_USER_PATHS = NO;
				CLANG_ANALYZER_NONNULL = YES;
				CLANG_CXX_LANGUAGE_STANDARD = "gnu++0x";
				CLANG_CXX_LIBRARY = "libc++";
				CLANG_ENABLE_MODULES = YES;
				CLANG_ENABLE_OBJC_ARC = YES;
				CLANG_WARN_BOOL_CONVERSION = YES;
				CLANG_WARN_CONSTANT_CONVERSION = YES;
				CLANG_WARN_DIRECT_OBJC_ISA_USAGE = YES_ERROR;
				CLANG_WARN_EMPTY_BODY = YES;
				CLANG_WARN_ENUM_CONVERSION = YES;
				CLANG_WARN_INT_CONVERSION = YES;
				CLANG_WARN_OBJC_ROOT_CLASS = YES_ERROR;
				CLANG_WARN_UNREACHABLE_CODE = YES;
				CLANG_WARN__DUPLICATE_METHOD_MATCH = YES;
				"CODE_SIGN_IDENTITY[sdk=iphoneos*]" = "iPhone Developer";
				COPY_PHASE_STRIP = NO;
				DEBUG_INFORMATION_FORMAT = dwarf;
				ENABLE_STRICT_OBJC_MSGSEND = YES;
				ENABLE_TESTABILITY = YES;
				GCC_C_LANGUAGE_STANDARD = gnu99;
				GCC_DYNAMIC_NO_PIC = NO;
				GCC_NO_COMMON_BLOCKS = YES;
				GCC_OPTIMIZATION_LEVEL = 0;
				GCC_PREPROCESSOR_DEFINITIONS = (
					"DEBUG=1",
					"$(inherited)",
				);
				GCC_WARN_64_TO_32_BIT_CONVERSION = YES;
				GCC_WARN_ABOUT_RETURN_TYPE = YES_ERROR;
				GCC_WARN_UNDECLARED_SELECTOR = YES;
				GCC_WARN_UNINITIALIZED_AUTOS = YES_AGGRESSIVE;
				GCC_WARN_UNUSED_FUNCTION = YES;
				GCC_WARN_UNUSED_VARIABLE = YES;
				IPHONEOS_DEPLOYMENT_TARGET = 9.3;
				MTL_ENABLE_DEBUG_INFO = YES;
				ONLY_ACTIVE_ARCH = YES;
				SDKROOT = iphoneos;
				SWIFT_OPTIMIZATION_LEVEL = "-Onone";
			};
			name = Debug;
		};
		454A5A431D50EA1F003E9F1C /* Release */ = {
			isa = XCBuildConfiguration;
			buildSettings = {
				ALWAYS_SEARCH_USER_PATHS = NO;
				CLANG_ANALYZER_NONNULL = YES;
				CLANG_CXX_LANGUAGE_STANDARD = "gnu++0x";
				CLANG_CXX_LIBRARY = "libc++";
				CLANG_ENABLE_MODULES = YES;
				CLANG_ENABLE_OBJC_ARC = YES;
				CLANG_WARN_BOOL_CONVERSION = YES;
				CLANG_WARN_CONSTANT_CONVERSION = YES;
				CLANG_WARN_DIRECT_OBJC_ISA_USAGE = YES_ERROR;
				CLANG_WARN_EMPTY_BODY = YES;
				CLANG_WARN_ENUM_CONVERSION = YES;
				CLANG_WARN_INT_CONVERSION = YES;
				CLANG_WARN_OBJC_ROOT_CLASS = YES_ERROR;
				CLANG_WARN_UNREACHABLE_CODE = YES;
				CLANG_WARN__DUPLICATE_METHOD_MATCH = YES;
				"CODE_SIGN_IDENTITY[sdk=iphoneos*]" = "iPhone Developer";
				COPY_PHASE_STRIP = NO;
				DEBUG_INFORMATION_FORMAT = "dwarf-with-dsym";
				ENABLE_NS_ASSERTIONS = NO;
				ENABLE_STRICT_OBJC_MSGSEND = YES;
				GCC_C_LANGUAGE_STANDARD = gnu99;
				GCC_NO_COMMON_BLOCKS = YES;
				GCC_WARN_64_TO_32_BIT_CONVERSION = YES;
				GCC_WARN_ABOUT_RETURN_TYPE = YES_ERROR;
				GCC_WARN_UNDECLARED_SELECTOR = YES;
				GCC_WARN_UNINITIALIZED_AUTOS = YES_AGGRESSIVE;
				GCC_WARN_UNUSED_FUNCTION = YES;
				GCC_WARN_UNUSED_VARIABLE = YES;
				IPHONEOS_DEPLOYMENT_TARGET = 9.3;
				MTL_ENABLE_DEBUG_INFO = NO;
				SDKROOT = iphoneos;
				VALIDATE_PRODUCT = YES;
			};
			name = Release;
		};
		454A5A451D50EA1F003E9F1C /* Debug */ = {
			isa = XCBuildConfiguration;
			buildSettings = {
				ASSETCATALOG_COMPILER_APPICON_NAME = AppIcon;
				CODE_SIGN_IDENTITY = "iPhone Developer";
				INFOPLIST_FILE = "QRcode-Swift/Info.plist";
				LD_RUNPATH_SEARCH_PATHS = "$(inherited) @executable_path/Frameworks";
				PRODUCT_BUNDLE_IDENTIFIER = "QRcode.QRcode-Swift";
				PRODUCT_NAME = "$(TARGET_NAME)";
			};
			name = Debug;
		};
		454A5A461D50EA1F003E9F1C /* Release */ = {
			isa = XCBuildConfiguration;
			buildSettings = {
				ASSETCATALOG_COMPILER_APPICON_NAME = AppIcon;
				CODE_SIGN_IDENTITY = "iPhone Developer";
				INFOPLIST_FILE = "QRcode-Swift/Info.plist";
				LD_RUNPATH_SEARCH_PATHS = "$(inherited) @executable_path/Frameworks";
				PRODUCT_BUNDLE_IDENTIFIER = "QRcode.QRcode-Swift";
				PRODUCT_NAME = "$(TARGET_NAME)";
			};
			name = Release;
		};
		454A5A481D50EA1F003E9F1C /* Debug */ = {
			isa = XCBuildConfiguration;
			buildSettings = {
				BUNDLE_LOADER = "$(TEST_HOST)";
				INFOPLIST_FILE = "QRcode-SwiftTests/Info.plist";
				LD_RUNPATH_SEARCH_PATHS = "$(inherited) @executable_path/Frameworks @loader_path/Frameworks";
				PRODUCT_BUNDLE_IDENTIFIER = "QRcode.QRcode-SwiftTests";
				PRODUCT_NAME = "$(TARGET_NAME)";
				TEST_HOST = "$(BUILT_PRODUCTS_DIR)/QRcode-Swift.app/QRcode-Swift";
			};
			name = Debug;
		};
		454A5A491D50EA1F003E9F1C /* Release */ = {
			isa = XCBuildConfiguration;
			buildSettings = {
				BUNDLE_LOADER = "$(TEST_HOST)";
				INFOPLIST_FILE = "QRcode-SwiftTests/Info.plist";
				LD_RUNPATH_SEARCH_PATHS = "$(inherited) @executable_path/Frameworks @loader_path/Frameworks";
				PRODUCT_BUNDLE_IDENTIFIER = "QRcode.QRcode-SwiftTests";
				PRODUCT_NAME = "$(TARGET_NAME)";
				TEST_HOST = "$(BUILT_PRODUCTS_DIR)/QRcode-Swift.app/QRcode-Swift";
			};
			name = Release;
		};
		454A5A4B1D50EA1F003E9F1C /* Debug */ = {
			isa = XCBuildConfiguration;
			buildSettings = {
				INFOPLIST_FILE = "QRcode-SwiftUITests/Info.plist";
				LD_RUNPATH_SEARCH_PATHS = "$(inherited) @executable_path/Frameworks @loader_path/Frameworks";
				PRODUCT_BUNDLE_IDENTIFIER = "QRcode.QRcode-SwiftUITests";
				PRODUCT_NAME = "$(TARGET_NAME)";
				TEST_TARGET_NAME = "QRcode-Swift";
			};
			name = Debug;
		};
		454A5A4C1D50EA1F003E9F1C /* Release */ = {
			isa = XCBuildConfiguration;
			buildSettings = {
				INFOPLIST_FILE = "QRcode-SwiftUITests/Info.plist";
				LD_RUNPATH_SEARCH_PATHS = "$(inherited) @executable_path/Frameworks @loader_path/Frameworks";
				PRODUCT_BUNDLE_IDENTIFIER = "QRcode.QRcode-SwiftUITests";
				PRODUCT_NAME = "$(TARGET_NAME)";
				TEST_TARGET_NAME = "QRcode-Swift";
			};
			name = Release;
		};
/* End XCBuildConfiguration section */

/* Begin XCConfigurationList section */
		454A5A171D50EA1E003E9F1C /* Build configuration list for PBXProject "QRcode-Swift" */ = {
			isa = XCConfigurationList;
			buildConfigurations = (
				454A5A421D50EA1F003E9F1C /* Debug */,
				454A5A431D50EA1F003E9F1C /* Release */,
			);
			defaultConfigurationIsVisible = 0;
			defaultConfigurationName = Release;
		};
		454A5A441D50EA1F003E9F1C /* Build configuration list for PBXNativeTarget "QRcode-Swift" */ = {
			isa = XCConfigurationList;
			buildConfigurations = (
				454A5A451D50EA1F003E9F1C /* Debug */,
				454A5A461D50EA1F003E9F1C /* Release */,
			);
			defaultConfigurationIsVisible = 0;
		};
		454A5A471D50EA1F003E9F1C /* Build configuration list for PBXNativeTarget "QRcode-SwiftTests" */ = {
			isa = XCConfigurationList;
			buildConfigurations = (
				454A5A481D50EA1F003E9F1C /* Debug */,
				454A5A491D50EA1F003E9F1C /* Release */,
			);
			defaultConfigurationIsVisible = 0;
		};
		454A5A4A1D50EA1F003E9F1C /* Build configuration list for PBXNativeTarget "QRcode-SwiftUITests" */ = {
			isa = XCConfigurationList;
			buildConfigurations = (
				454A5A4B1D50EA1F003E9F1C /* Debug */,
				454A5A4C1D50EA1F003E9F1C /* Release */,
			);
			defaultConfigurationIsVisible = 0;
		};
/* End XCConfigurationList section */
	};
	rootObject = 454A5A141D50EA1E003E9F1C /* Project object */;
}
